
Microsoft Visual Studio Solution File, Format Version 12.00
# Visual Studio Version 16
VisualStudioVersion = 16.0.29230.47
MinimumVisualStudioVersion = 10.0.40219.1
Project("{9A19103F-16F7-4668-BE54-9A1E7A4F7556}") = "Elasticsearch.NotSearchCaseSensitive.API", "Elasticsearch.NotSearchCaseSensitive.API\Elasticsearch.NotSearchCaseSensitive.API.csproj", "{32F5784B-3BCC-4644-8B8C-3C4C9EDB53D8}"
EndProject
Project("{2150E333-8FDC-42A3-9474-1A3956D46DE8}") = "1 - Distribution Layer", "1 - Distribution Layer", "{F0BE90B6-DB71-4141-8942-52F4AEBED663}"
EndProject
Project("{2150E333-8FDC-42A3-9474-1A3956D46DE8}") = "2 - Application Layer", "2 - Application Layer", "{61ACD4DA-C3AB-4D2D-8876-AFDCE6379A66}"
EndProject
Project("{2150E333-8FDC-42A3-9474-1A3956D46DE8}") = "3 - Domain Layer", "3 - Domain Layer", "{B6E6CFF8-FEDE-4B81-9F09-5FEE0C805D17}"
EndProject
Project("{2150E333-8FDC-42A3-9474-1A3956D46DE8}") = "4 - Infra Layer", "4 - Infra Layer", "{7FF75088-CD8F-41E8-9DEE-5E24E65F70FF}"
EndProject
Project("{9A19103F-16F7-4668-BE54-9A1E7A4F7556}") = "Elasticsearch.NotSearchCaseSensitive.Domain", "Elasticsearch.NotSearchCaseSensitive.Domain\Elasticsearch.NotSearchCaseSensitive.Domain.csproj", "{65E94E9F-2AF0-4B44-B3C3-D42239DFA449}"
EndProject
Project("{9A19103F-16F7-4668-BE54-9A1E7A4F7556}") = "Elasticsearch.NotSearchCaseSensitive.Application", "Elasticsearch.NotSearchCaseSensitive.Application\Elasticsearch.NotSearchCaseSensitive.Application.csproj", "{17627456-A60D-40B2-85CA-A172B990031D}"
EndProject
Project("{9A19103F-16F7-4668-BE54-9A1E7A4F7556}") = "Elasticsearch.NotSearchCaseSensitive.Infra", "Elasticsearch.NotSearchCaseSensitive.Infra\Elasticsearch.NotSearchCaseSensitive.Infra.csproj", "{E0257A61-8527-4346-A58E-BD422CB9DC0A}"
EndProject
Project("{9A19103F-16F7-4668-BE54-9A1E7A4F7556}") = "Elasticsearch.NotSearchCaseSensitive.Infra.Data", "Elasticsearch.NotSearchCaseSensitive.Infra.Data\Elasticsearch.NotSearchCaseSensitive.Infra.Data.csproj", "{BFC13CD0-DBBD-44D7-9E10-2A30145B0C22}"
EndProject
Global
	GlobalSection(SolutionConfigurationPlatforms) = preSolution
		Debug|Any CPU = Debug|Any CPU
		Release|Any CPU = Release|Any CPU
	EndGlobalSection
	GlobalSection(ProjectConfigurationPlatforms) = postSolution
		{32F5784B-3BCC-4644-8B8C-3C4C9EDB53D8}.Debug|Any CPU.ActiveCfg = Debug|Any CPU
		{32F5784B-3BCC-4644-8B8C-3C4C9EDB53D8}.Debug|Any CPU.Build.0 = Debug|Any CPU
		{32F5784B-3BCC-4644-8B8C-3C4C9EDB53D8}.Release|Any CPU.ActiveCfg = Release|Any CPU
		{32F5784B-3BCC-4644-8B8C-3C4C9EDB53D8}.Release|Any CPU.Build.0 = Release|Any CPU
		{65E94E9F-2AF0-4B44-B3C3-D42239DFA449}.Debug|Any CPU.ActiveCfg = Debug|Any CPU
		{65E94E9F-2AF0-4B44-B3C3-D42239DFA449}.Debug|Any CPU.Build.0 = Debug|Any CPU
		{65E94E9F-2AF0-4B44-B3C3-D42239DFA449}.Release|Any CPU.ActiveCfg = Release|Any CPU
		{65E94E9F-2AF0-4B44-B3C3-D42239DFA449}.Release|Any CPU.Build.0 = Release|Any CPU
		{17627456-A60D-40B2-85CA-A172B990031D}.Debug|Any CPU.ActiveCfg = Debug|Any CPU
		{17627456-A60D-40B2-85CA-A172B990031D}.Debug|Any CPU.Build.0 = Debug|Any CPU
		{17627456-A60D-40B2-85CA-A172B990031D}.Release|Any CPU.ActiveCfg = Release|Any CPU
		{17627456-A60D-40B2-85CA-A172B990031D}.Release|Any CPU.Build.0 = Release|Any CPU
		{E0257A61-8527-4346-A58E-BD422CB9DC0A}.Debug|Any CPU.ActiveCfg = Debug|Any CPU
		{E0257A61-8527-4346-A58E-BD422CB9DC0A}.Debug|Any CPU.Build.0 = Debug|Any CPU
		{E0257A61-8527-4346-A58E-BD422CB9DC0A}.Release|Any CPU.ActiveCfg = Release|Any CPU
		{E0257A61-8527-4346-A58E-BD422CB9DC0A}.Release|Any CPU.Build.0 = Release|Any CPU
		{BFC13CD0-DBBD-44D7-9E10-2A30145B0C22}.Debug|Any CPU.ActiveCfg = Debug|Any CPU
		{BFC13CD0-DBBD-44D7-9E10-2A30145B0C22}.Debug|Any CPU.Build.0 = Debug|Any CPU
		{BFC13CD0-DBBD-44D7-9E10-2A30145B0C22}.Release|Any CPU.ActiveCfg = Release|Any CPU
		{BFC13CD0-DBBD-44D7-9E10-2A30145B0C22}.Release|Any CPU.Build.0 = Release|Any CPU
	EndGlobalSection
	GlobalSection(SolutionProperties) = preSolution
		HideSolutionNode = FALSE
	EndGlobalSection
	GlobalSection(NestedProjects) = preSolution
		{32F5784B-3BCC-4644-8B8C-3C4C9EDB53D8} = {F0BE90B6-DB71-4141-8942-52F4AEBED663}
		{65E94E9F-2AF0-4B44-B3C3-D42239DFA449} = {B6E6CFF8-FEDE-4B81-9F09-5FEE0C805D17}
		{17627456-A60D-40B2-85CA-A172B990031D} = {61ACD4DA-C3AB-4D2D-8876-AFDCE6379A66}
		{E0257A61-8527-4346-A58E-BD422CB9DC0A} = {7FF75088-CD8F-41E8-9DEE-5E24E65F70FF}
		{BFC13CD0-DBBD-44D7-9E10-2A30145B0C22} = {7FF75088-CD8F-41E8-9DEE-5E24E65F70FF}
	EndGlobalSection
	GlobalSection(ExtensibilityGlobals) = postSolution
		SolutionGuid = {BAAAE1BC-C430-41A3-95B9-036476EE3C3A}
	EndGlobalSection
EndGlobal
